// !$*UTF8*$!
{
	archiveVersion = 1;
	classes = {
	};
	objectVersion = 46;
	objects = {

/* Begin PBXBuildFile section */
		712B1EAE26929BAD72D475E0 /* Pods_YourVoice.framework in Frameworks */ = {isa = PBXBuildFile; fileRef = BE6FF0D1CE259A0C0DB61708 /* Pods_YourVoice.framework */; };
		81CA1BC91E83651A0029EB3A /* AppDelegate.swift in Sources */ = {isa = PBXBuildFile; fileRef = 81CA1BC81E83651A0029EB3A /* AppDelegate.swift */; };
		81CA1BCB1E83651A0029EB3A /* ViewController.swift in Sources */ = {isa = PBXBuildFile; fileRef = 81CA1BCA1E83651A0029EB3A /* ViewController.swift */; };
		81CA1BCE1E83651A0029EB3A /* Main.storyboard in Resources */ = {isa = PBXBuildFile; fileRef = 81CA1BCC1E83651A0029EB3A /* Main.storyboard */; };
		81CA1BD01E83651A0029EB3A /* Assets.xcassets in Resources */ = {isa = PBXBuildFile; fileRef = 81CA1BCF1E83651A0029EB3A /* Assets.xcassets */; };
		81CA1BD31E83651A0029EB3A /* LaunchScreen.storyboard in Resources */ = {isa = PBXBuildFile; fileRef = 81CA1BD11E83651A0029EB3A /* LaunchScreen.storyboard */; };
		81CA1BDB1E83798F0029EB3A /* OverlayView.xib in Resources */ = {isa = PBXBuildFile; fileRef = 81CA1BDA1E83798F0029EB3A /* OverlayView.xib */; };
		81CA1BDD1E837B290029EB3A /* CustomOverlayView.xib in Resources */ = {isa = PBXBuildFile; fileRef = 81CA1BDC1E837B290029EB3A /* CustomOverlayView.xib */; };
		81CA1BDF1E837D4E0029EB3A /* BackgroundAnimationViewController.swift in Sources */ = {isa = PBXBuildFile; fileRef = 81CA1BDE1E837D4E0029EB3A /* BackgroundAnimationViewController.swift */; };
		81CA1BE31E839CB80029EB3A /* CustomOverlayView.swift in Sources */ = {isa = PBXBuildFile; fileRef = 81CA1BE21E839CB80029EB3A /* CustomOverlayView.swift */; };
		81CA1BE51E839E130029EB3A /* BackgroundKolodaAnimator.swift in Sources */ = {isa = PBXBuildFile; fileRef = 81CA1BE41E839E130029EB3A /* BackgroundKolodaAnimator.swift */; };
		81CA1BE71E83A0370029EB3A /* CustomKolodaView.swift in Sources */ = {isa = PBXBuildFile; fileRef = 81CA1BE61E83A0370029EB3A /* CustomKolodaView.swift */; };
		B21CF9061E869C4A00E14699 /* GoogleService-Info.plist in Resources */ = {isa = PBXBuildFile; fileRef = B21CF9051E869C4A00E14699 /* GoogleService-Info.plist */; };
		B21CF9081E86A53E00E14699 /* LoginViewController.swift in Sources */ = {isa = PBXBuildFile; fileRef = B21CF9071E86A53E00E14699 /* LoginViewController.swift */; };
		B21CF90A1E86B0E600E14699 /* UINavigationControllerTransparent.swift in Sources */ = {isa = PBXBuildFile; fileRef = B21CF9091E86B0E600E14699 /* UINavigationControllerTransparent.swift */; };
/* End PBXBuildFile section */

/* Begin PBXFileReference section */
		08AC07BED17B78A8492A273D /* Pods-YourVoice.debug.xcconfig */ = {isa = PBXFileReference; includeInIndex = 1; lastKnownFileType = text.xcconfig; name = "Pods-YourVoice.debug.xcconfig"; path = "Pods/Target Support Files/Pods-YourVoice/Pods-YourVoice.debug.xcconfig"; sourceTree = "<group>"; };
		3C777079A16C54BB5953F763 /* Pods-YourVoice.release.xcconfig */ = {isa = PBXFileReference; includeInIndex = 1; lastKnownFileType = text.xcconfig; name = "Pods-YourVoice.release.xcconfig"; path = "Pods/Target Support Files/Pods-YourVoice/Pods-YourVoice.release.xcconfig"; sourceTree = "<group>"; };
		81CA1BC51E83651A0029EB3A /* YourVoice.app */ = {isa = PBXFileReference; explicitFileType = wrapper.application; includeInIndex = 0; path = YourVoice.app; sourceTree = BUILT_PRODUCTS_DIR; };
		81CA1BC81E83651A0029EB3A /* AppDelegate.swift */ = {isa = PBXFileReference; lastKnownFileType = sourcecode.swift; path = AppDelegate.swift; sourceTree = "<group>"; };
		81CA1BCA1E83651A0029EB3A /* ViewController.swift */ = {isa = PBXFileReference; lastKnownFileType = sourcecode.swift; name = ViewController.swift; path = YourVoice/ViewController.swift; sourceTree = "<group>"; };
		81CA1BCD1E83651A0029EB3A /* Base */ = {isa = PBXFileReference; lastKnownFileType = file.storyboard; name = Base; path = Base.lproj/Main.storyboard; sourceTree = "<group>"; };
		81CA1BCF1E83651A0029EB3A /* Assets.xcassets */ = {isa = PBXFileReference; lastKnownFileType = folder.assetcatalog; path = Assets.xcassets; sourceTree = "<group>"; };
		81CA1BD21E83651A0029EB3A /* Base */ = {isa = PBXFileReference; lastKnownFileType = file.storyboard; name = Base; path = Base.lproj/LaunchScreen.storyboard; sourceTree = "<group>"; };
		81CA1BD41E83651A0029EB3A /* Info.plist */ = {isa = PBXFileReference; lastKnownFileType = text.plist.xml; path = Info.plist; sourceTree = "<group>"; };
		81CA1BDA1E83798F0029EB3A /* OverlayView.xib */ = {isa = PBXFileReference; fileEncoding = 4; lastKnownFileType = file.xib; path = OverlayView.xib; sourceTree = "<group>"; };
		81CA1BDC1E837B290029EB3A /* CustomOverlayView.xib */ = {isa = PBXFileReference; fileEncoding = 4; lastKnownFileType = file.xib; path = CustomOverlayView.xib; sourceTree = "<group>"; };
		81CA1BDE1E837D4E0029EB3A /* BackgroundAnimationViewController.swift */ = {isa = PBXFileReference; fileEncoding = 4; lastKnownFileType = sourcecode.swift; name = BackgroundAnimationViewController.swift; path = YourVoice/BackgroundAnimationViewController.swift; sourceTree = "<group>"; };
		81CA1BE21E839CB80029EB3A /* CustomOverlayView.swift */ = {isa = PBXFileReference; fileEncoding = 4; lastKnownFileType = sourcecode.swift; path = CustomOverlayView.swift; sourceTree = "<group>"; };
		81CA1BE41E839E130029EB3A /* BackgroundKolodaAnimator.swift */ = {isa = PBXFileReference; fileEncoding = 4; lastKnownFileType = sourcecode.swift; path = BackgroundKolodaAnimator.swift; sourceTree = "<group>"; };
		81CA1BE61E83A0370029EB3A /* CustomKolodaView.swift */ = {isa = PBXFileReference; fileEncoding = 4; lastKnownFileType = sourcecode.swift; path = CustomKolodaView.swift; sourceTree = "<group>"; };
		B21CF9051E869C4A00E14699 /* GoogleService-Info.plist */ = {isa = PBXFileReference; fileEncoding = 4; lastKnownFileType = text.plist.xml; name = "GoogleService-Info.plist"; path = "../../../../Downloads/GoogleService-Info.plist"; sourceTree = "<group>"; };
		B21CF9071E86A53E00E14699 /* LoginViewController.swift */ = {isa = PBXFileReference; fileEncoding = 4; lastKnownFileType = sourcecode.swift; path = LoginViewController.swift; sourceTree = "<group>"; };
		B21CF9091E86B0E600E14699 /* UINavigationControllerTransparent.swift */ = {isa = PBXFileReference; fileEncoding = 4; lastKnownFileType = sourcecode.swift; path = UINavigationControllerTransparent.swift; sourceTree = "<group>"; };
		BE6FF0D1CE259A0C0DB61708 /* Pods_YourVoice.framework */ = {isa = PBXFileReference; explicitFileType = wrapper.framework; includeInIndex = 0; path = Pods_YourVoice.framework; sourceTree = BUILT_PRODUCTS_DIR; };
/* End PBXFileReference section */

/* Begin PBXFrameworksBuildPhase section */
		81CA1BC21E83651A0029EB3A /* Frameworks */ = {
			isa = PBXFrameworksBuildPhase;
			buildActionMask = 2147483647;
			files = (
				712B1EAE26929BAD72D475E0 /* Pods_YourVoice.framework in Frameworks */,
			);
			runOnlyForDeploymentPostprocessing = 0;
		};
/* End PBXFrameworksBuildPhase section */

/* Begin PBXGroup section */
		81CA1BBC1E83651A0029EB3A = {
			isa = PBXGroup;
			children = (
				81CA1BC71E83651A0029EB3A /* YourVoice */,
				81CA1BC61E83651A0029EB3A /* Products */,
				CA431FACCA9B9AB162E11D1B /* Pods */,
				A98E1C025DF3ABB12BD549DC /* Frameworks */,
			);
			sourceTree = "<group>";
		};
		81CA1BC61E83651A0029EB3A /* Products */ = {
			isa = PBXGroup;
			children = (
				81CA1BC51E83651A0029EB3A /* YourVoice.app */,
			);
			name = Products;
			sourceTree = "<group>";
		};
		81CA1BC71E83651A0029EB3A /* YourVoice */ = {
			isa = PBXGroup;
			children = (
				B2F692CB1E8693EF00EFB431 /* Animation */,
				B2F692CA1E8693AB00EFB431 /* View */,
				B2F692C91E86934200EFB431 /* Controller */,
				81CA1BC81E83651A0029EB3A /* AppDelegate.swift */,
				81CA1BCC1E83651A0029EB3A /* Main.storyboard */,
				81CA1BCF1E83651A0029EB3A /* Assets.xcassets */,
				81CA1BD11E83651A0029EB3A /* LaunchScreen.storyboard */,
				81CA1BDA1E83798F0029EB3A /* OverlayView.xib */,
				81CA1BDC1E837B290029EB3A /* CustomOverlayView.xib */,
				81CA1BD41E83651A0029EB3A /* Info.plist */,
				B21CF9051E869C4A00E14699 /* GoogleService-Info.plist */,
			);
			path = YourVoice;
			sourceTree = "<group>";
		};
		A98E1C025DF3ABB12BD549DC /* Frameworks */ = {
			isa = PBXGroup;
			children = (
				BE6FF0D1CE259A0C0DB61708 /* Pods_YourVoice.framework */,
			);
			name = Frameworks;
			sourceTree = "<group>";
		};
		B2F692C91E86934200EFB431 /* Controller */ = {
			isa = PBXGroup;
			children = (
				81CA1BCA1E83651A0029EB3A /* ViewController.swift */,
				81CA1BDE1E837D4E0029EB3A /* BackgroundAnimationViewController.swift */,
				B21CF9071E86A53E00E14699 /* LoginViewController.swift */,
			);
			name = Controller;
			path = ..;
			sourceTree = "<group>";
		};
		B2F692CA1E8693AB00EFB431 /* View */ = {
			isa = PBXGroup;
			children = (
				81CA1BE61E83A0370029EB3A /* CustomKolodaView.swift */,
				81CA1BE21E839CB80029EB3A /* CustomOverlayView.swift */,
				B21CF9091E86B0E600E14699 /* UINavigationControllerTransparent.swift */,
			);
			name = View;
			sourceTree = "<group>";
		};
		B2F692CB1E8693EF00EFB431 /* Animation */ = {
			isa = PBXGroup;
			children = (
				81CA1BE41E839E130029EB3A /* BackgroundKolodaAnimator.swift */,
			);
			name = Animation;
			sourceTree = "<group>";
		};
		CA431FACCA9B9AB162E11D1B /* Pods */ = {
			isa = PBXGroup;
			children = (
				08AC07BED17B78A8492A273D /* Pods-YourVoice.debug.xcconfig */,
				3C777079A16C54BB5953F763 /* Pods-YourVoice.release.xcconfig */,
			);
			name = Pods;
			sourceTree = "<group>";
		};
/* End PBXGroup section */

/* Begin PBXNativeTarget section */
		81CA1BC41E83651A0029EB3A /* YourVoice */ = {
			isa = PBXNativeTarget;
			buildConfigurationList = 81CA1BD71E83651A0029EB3A /* Build configuration list for PBXNativeTarget "YourVoice" */;
			buildPhases = (
				D2662BCB139E5ED24C9FABF2 /* [CP] Check Pods Manifest.lock */,
				81CA1BC11E83651A0029EB3A /* Sources */,
				81CA1BC21E83651A0029EB3A /* Frameworks */,
				81CA1BC31E83651A0029EB3A /* Resources */,
				3CB3B5C6A851A968622C721A /* [CP] Embed Pods Frameworks */,
				DEBD1893B6CCCBFBF863F70E /* [CP] Copy Pods Resources */,
			);
			buildRules = (
			);
			dependencies = (
			);
			name = YourVoice;
			productName = YourVoice;
			productReference = 81CA1BC51E83651A0029EB3A /* YourVoice.app */;
			productType = "com.apple.product-type.application";
		};
/* End PBXNativeTarget section */

/* Begin PBXProject section */
		81CA1BBD1E83651A0029EB3A /* Project object */ = {
			isa = PBXProject;
			attributes = {
				LastSwiftUpdateCheck = 0820;
				LastUpgradeCheck = 0820;
				ORGANIZATIONNAME = "Sabrina Kuo";
				TargetAttributes = {
					81CA1BC41E83651A0029EB3A = {
						CreatedOnToolsVersion = 8.2.1;
						DevelopmentTeam = H8978L8LYC;
						ProvisioningStyle = Automatic;
					};
				};
			};
			buildConfigurationList = 81CA1BC01E83651A0029EB3A /* Build configuration list for PBXProject "YourVoice" */;
			compatibilityVersion = "Xcode 3.2";
			developmentRegion = English;
			hasScannedForEncodings = 0;
			knownRegions = (
				en,
				Base,
			);
			mainGroup = 81CA1BBC1E83651A0029EB3A;
			productRefGroup = 81CA1BC61E83651A0029EB3A /* Products */;
			projectDirPath = "";
			projectRoot = "";
			targets = (
				81CA1BC41E83651A0029EB3A /* YourVoice */,
			);
		};
/* End PBXProject section */

/* Begin PBXResourcesBuildPhase section */
		81CA1BC31E83651A0029EB3A /* Resources */ = {
			isa = PBXResourcesBuildPhase;
			buildActionMask = 2147483647;
			files = (
				81CA1BD31E83651A0029EB3A /* LaunchScreen.storyboard in Resources */,
				81CA1BDB1E83798F0029EB3A /* OverlayView.xib in Resources */,
				81CA1BDD1E837B290029EB3A /* CustomOverlayView.xib in Resources */,
				81CA1BD01E83651A0029EB3A /* Assets.xcassets in Resources */,
				81CA1BCE1E83651A0029EB3A /* Main.storyboard in Resources */,
				B21CF9061E869C4A00E14699 /* GoogleService-Info.plist in Resources */,
			);
			runOnlyForDeploymentPostprocessing = 0;
		};
/* End PBXResourcesBuildPhase section */

/* Begin PBXShellScriptBuildPhase section */
		3CB3B5C6A851A968622C721A /* [CP] Embed Pods Frameworks */ = {
			isa = PBXShellScriptBuildPhase;
			buildActionMask = 2147483647;
			files = (
			);
			inputPaths = (
			);
			name = "[CP] Embed Pods Frameworks";
			outputPaths = (
			);
			runOnlyForDeploymentPostprocessing = 0;
			shellPath = /bin/sh;
			shellScript = "\"${SRCROOT}/Pods/Target Support Files/Pods-YourVoice/Pods-YourVoice-frameworks.sh\"\n";
			showEnvVarsInLog = 0;
		};
		D2662BCB139E5ED24C9FABF2 /* [CP] Check Pods Manifest.lock */ = {
			isa = PBXShellScriptBuildPhase;
			buildActionMask = 2147483647;
			files = (
			);
			inputPaths = (
			);
			name = "[CP] Check Pods Manifest.lock";
			outputPaths = (
			);
			runOnlyForDeploymentPostprocessing = 0;
			shellPath = /bin/sh;
			shellScript = "diff \"${PODS_ROOT}/../Podfile.lock\" \"${PODS_ROOT}/Manifest.lock\" > /dev/null\nif [ $? != 0 ] ; then\n    # print error to STDERR\n    echo \"error: The sandbox is not in sync with the Podfile.lock. Run 'pod install' or update your CocoaPods installation.\" >&2\n    exit 1\nfi\n";
			showEnvVarsInLog = 0;
		};
		DEBD1893B6CCCBFBF863F70E /* [CP] Copy Pods Resources */ = {
			isa = PBXShellScriptBuildPhase;
			buildActionMask = 2147483647;
			files = (
			);
			inputPaths = (
			);
			name = "[CP] Copy Pods Resources";
			outputPaths = (
			);
			runOnlyForDeploymentPostprocessing = 0;
			shellPath = /bin/sh;
			shellScript = "\"${SRCROOT}/Pods/Target Support Files/Pods-YourVoice/Pods-YourVoice-resources.sh\"\n";
			showEnvVarsInLog = 0;
		};
/* End PBXShellScriptBuildPhase section */

/* Begin PBXSourcesBuildPhase section */
		81CA1BC11E83651A0029EB3A /* Sources */ = {
			isa = PBXSourcesBuildPhase;
			buildActionMask = 2147483647;
			files = (
				B21CF9081E86A53E00E14699 /* LoginViewController.swift in Sources */,
				81CA1BE51E839E130029EB3A /* BackgroundKolodaAnimator.swift in Sources */,
				81CA1BDF1E837D4E0029EB3A /* BackgroundAnimationViewController.swift in Sources */,
				81CA1BCB1E83651A0029EB3A /* ViewController.swift in Sources */,
				81CA1BE71E83A0370029EB3A /* CustomKolodaView.swift in Sources */,
				81CA1BC91E83651A0029EB3A /* AppDelegate.swift in Sources */,
				B21CF90A1E86B0E600E14699 /* UINavigationControllerTransparent.swift in Sources */,
				81CA1BE31E839CB80029EB3A /* CustomOverlayView.swift in Sources */,
			);
			runOnlyForDeploymentPostprocessing = 0;
		};
/* End PBXSourcesBuildPhase section */

/* Begin PBXVariantGroup section */
		81CA1BCC1E83651A0029EB3A /* Main.storyboard */ = {
			isa = PBXVariantGroup;
			children = (
				81CA1BCD1E83651A0029EB3A /* Base */,
			);
			name = Main.storyboard;
			sourceTree = "<group>";
		};
		81CA1BD11E83651A0029EB3A /* LaunchScreen.storyboard */ = {
			isa = PBXVariantGroup;
			children = (
				81CA1BD21E83651A0029EB3A /* Base */,
			);
			name = LaunchScreen.storyboard;
			sourceTree = "<group>";
		};
/* End PBXVariantGroup section */

/* Begin XCBuildConfiguration section */
		81CA1BD51E83651A0029EB3A /* Debug */ = {
			isa = XCBuildConfiguration;
			buildSettings = {
				ALWAYS_SEARCH_USER_PATHS = NO;
				CLANG_ANALYZER_NONNULL = YES;
				CLANG_CXX_LANGUAGE_STANDARD = "gnu++0x";
				CLANG_CXX_LIBRARY = "libc++";
				CLANG_ENABLE_MODULES = YES;
				CLANG_ENABLE_OBJC_ARC = YES;
				CLANG_WARN_BOOL_CONVERSION = YES;
				CLANG_WARN_CONSTANT_CONVERSION = YES;
				CLANG_WARN_DIRECT_OBJC_ISA_USAGE = YES_ERROR;
				CLANG_WARN_DOCUMENTATION_COMMENTS = YES;
				CLANG_WARN_EMPTY_BODY = YES;
				CLANG_WARN_ENUM_CONVERSION = YES;
				CLANG_WARN_INFINITE_RECURSION = YES;
				CLANG_WARN_INT_CONVERSION = YES;
				CLANG_WARN_OBJC_ROOT_CLASS = YES_ERROR;
				CLANG_WARN_SUSPICIOUS_MOVE = YES;
				CLANG_WARN_UNREACHABLE_CODE = YES;
				CLANG_WARN__DUPLICATE_METHOD_MATCH = YES;
				"CODE_SIGN_IDENTITY[sdk=iphoneos*]" = "iPhone Developer";
				COPY_PHASE_STRIP = NO;
				DEBUG_INFORMATION_FORMAT = dwarf;
				ENABLE_STRICT_OBJC_MSGSEND = YES;
				ENABLE_TESTABILITY = YES;
				GCC_C_LANGUAGE_STANDARD = gnu99;
				GCC_DYNAMIC_NO_PIC = NO;
				GCC_NO_COMMON_BLOCKS = YES;
				GCC_OPTIMIZATION_LEVEL = 0;
				GCC_PREPROCESSOR_DEFINITIONS = (
					"DEBUG=1",
					"$(inherited)",
				);
				GCC_WARN_64_TO_32_BIT_CONVERSION = YES;
				GCC_WARN_ABOUT_RETURN_TYPE = YES_ERROR;
				GCC_WARN_UNDECLARED_SELECTOR = YES;
				GCC_WARN_UNINITIALIZED_AUTOS = YES_AGGRESSIVE;
				GCC_WARN_UNUSED_FUNCTION = YES;
				GCC_WARN_UNUSED_VARIABLE = YES;
				IPHONEOS_DEPLOYMENT_TARGET = 10.2;
				MTL_ENABLE_DEBUG_INFO = YES;
				ONLY_ACTIVE_ARCH = YES;
				SDKROOT = iphoneos;
				SWIFT_ACTIVE_COMPILATION_CONDITIONS = DEBUG;
				SWIFT_OPTIMIZATION_LEVEL = "-Onone";
			};
			name = Debug;
		};
		81CA1BD61E83651A0029EB3A /* Release */ = {
			isa = XCBuildConfiguration;
			buildSettings = {
				ALWAYS_SEARCH_USER_PATHS = NO;
				CLANG_ANALYZER_NONNULL = YES;
				CLANG_CXX_LANGUAGE_STANDARD = "gnu++0x";
				CLANG_CXX_LIBRARY = "libc++";
				CLANG_ENABLE_MODULES = YES;
				CLANG_ENABLE_OBJC_ARC = YES;
				CLANG_WARN_BOOL_CONVERSION = YES;
				CLANG_WARN_CONSTANT_CONVERSION = YES;
				CLANG_WARN_DIRECT_OBJC_ISA_USAGE = YES_ERROR;
				CLANG_WARN_DOCUMENTATION_COMMENTS = YES;
				CLANG_WARN_EMPTY_BODY = YES;
				CLANG_WARN_ENUM_CONVERSION = YES;
				CLANG_WARN_INFINITE_RECURSION = YES;
				CLANG_WARN_INT_CONVERSION = YES;
				CLANG_WARN_OBJC_ROOT_CLASS = YES_ERROR;
				CLANG_WARN_SUSPICIOUS_MOVE = YES;
				CLANG_WARN_UNREACHABLE_CODE = YES;
				CLANG_WARN__DUPLICATE_METHOD_MATCH = YES;
				"CODE_SIGN_IDENTITY[sdk=iphoneos*]" = "iPhone Developer";
				COPY_PHASE_STRIP = NO;
				DEBUG_INFORMATION_FORMAT = "dwarf-with-dsym";
				ENABLE_NS_ASSERTIONS = NO;
				ENABLE_STRICT_OBJC_MSGSEND = YES;
				GCC_C_LANGUAGE_STANDARD = gnu99;
				GCC_NO_COMMON_BLOCKS = YES;
				GCC_WARN_64_TO_32_BIT_CONVERSION = YES;
				GCC_WARN_ABOUT_RETURN_TYPE = YES_ERROR;
				GCC_WARN_UNDECLARED_SELECTOR = YES;
				GCC_WARN_UNINITIALIZED_AUTOS = YES_AGGRESSIVE;
				GCC_WARN_UNUSED_FUNCTION = YES;
				GCC_WARN_UNUSED_VARIABLE = YES;
				IPHONEOS_DEPLOYMENT_TARGET = 10.2;
				MTL_ENABLE_DEBUG_INFO = NO;
				SDKROOT = iphoneos;
				SWIFT_OPTIMIZATION_LEVEL = "-Owholemodule";
				VALIDATE_PRODUCT = YES;
			};
			name = Release;
		};
		81CA1BD81E83651A0029EB3A /* Debug */ = {
			isa = XCBuildConfiguration;
			baseConfigurationReference = 08AC07BED17B78A8492A273D /* Pods-YourVoice.debug.xcconfig */;
			buildSettings = {
				ASSETCATALOG_COMPILER_APPICON_NAME = AppIcon;
				DEVELOPMENT_TEAM = H8978L8LYC;
				INFOPLIST_FILE = YourVoice/Info.plist;
				LD_RUNPATH_SEARCH_PATHS = "$(inherited) @executable_path/Frameworks";
				PRODUCT_BUNDLE_IDENTIFIER = com.lozb.YourVoice;
				PRODUCT_NAME = "$(TARGET_NAME)";
				SWIFT_VERSION = 3.0;
			};
			name = Debug;
		};
		81CA1BD91E83651A0029EB3A /* Release */ = {
			isa = XCBuildConfiguration;
			baseConfigurationReference = 3C777079A16C54BB5953F763 /* Pods-YourVoice.release.xcconfig */;
			buildSettings = {
				ASSETCATALOG_COMPILER_APPICON_NAME = AppIcon;
				DEVELOPMENT_TEAM = H8978L8LYC;
				INFOPLIST_FILE = YourVoice/Info.plist;
				LD_RUNPATH_SEARCH_PATHS = "$(inherited) @executable_path/Frameworks";
				PRODUCT_BUNDLE_IDENTIFIER = com.lozb.YourVoice;
				PRODUCT_NAME = "$(TARGET_NAME)";
				SWIFT_VERSION = 3.0;
			};
			name = Release;
		};
/* End XCBuildConfiguration section */

/* Begin XCConfigurationList section */
		81CA1BC01E83651A0029EB3A /* Build configuration list for PBXProject "YourVoice" */ = {
			isa = XCConfigurationList;
			buildConfigurations = (
				81CA1BD51E83651A0029EB3A /* Debug */,
				81CA1BD61E83651A0029EB3A /* Release */,
			);
			defaultConfigurationIsVisible = 0;
			defaultConfigurationName = Release;
		};
		81CA1BD71E83651A0029EB3A /* Build configuration list for PBXNativeTarget "YourVoice" */ = {
			isa = XCConfigurationList;
			buildConfigurations = (
				81CA1BD81E83651A0029EB3A /* Debug */,
				81CA1BD91E83651A0029EB3A /* Release */,
			);
			defaultConfigurationIsVisible = 0;
			defaultConfigurationName = Release;
		};
/* End XCConfigurationList section */
	};
	rootObject = 81CA1BBD1E83651A0029EB3A /* Project object */;
}
